// !$*UTF8*$!
{
	archiveVersion = 1;
	classes = {
	};
	objectVersion = 50;
	objects = {

/* Begin PBXBuildFile section */
		3E273D6E24AB2C3400872C6C /* AppDelegate.swift in Sources */ = {isa = PBXBuildFile; fileRef = 3E273D6D24AB2C3400872C6C /* AppDelegate.swift */; };
		3E273D7024AB2C3400872C6C /* SceneDelegate.swift in Sources */ = {isa = PBXBuildFile; fileRef = 3E273D6F24AB2C3400872C6C /* SceneDelegate.swift */; };
		3E273D7224AB2C3400872C6C /* ContentView.swift in Sources */ = {isa = PBXBuildFile; fileRef = 3E273D7124AB2C3400872C6C /* ContentView.swift */; };
		3E273D7424AB2C3500872C6C /* Assets.xcassets in Resources */ = {isa = PBXBuildFile; fileRef = 3E273D7324AB2C3500872C6C /* Assets.xcassets */; };
		3E273D7724AB2C3500872C6C /* Preview Assets.xcassets in Resources */ = {isa = PBXBuildFile; fileRef = 3E273D7624AB2C3500872C6C /* Preview Assets.xcassets */; };
		3E273D7A24AB2C3500872C6C /* LaunchScreen.storyboard in Resources */ = {isa = PBXBuildFile; fileRef = 3E273D7824AB2C3500872C6C /* LaunchScreen.storyboard */; };
/* End PBXBuildFile section */

/* Begin PBXFileReference section */
		3E273D6A24AB2C3400872C6C /* CockatooOTP.app */ = {isa = PBXFileReference; explicitFileType = wrapper.application; includeInIndex = 0; path = CockatooOTP.app; sourceTree = BUILT_PRODUCTS_DIR; };
		3E273D6D24AB2C3400872C6C /* AppDelegate.swift */ = {isa = PBXFileReference; lastKnownFileType = sourcecode.swift; path = AppDelegate.swift; sourceTree = "<group>"; };
		3E273D6F24AB2C3400872C6C /* SceneDelegate.swift */ = {isa = PBXFileReference; lastKnownFileType = sourcecode.swift; path = SceneDelegate.swift; sourceTree = "<group>"; };
		3E273D7124AB2C3400872C6C /* ContentView.swift */ = {isa = PBXFileReference; lastKnownFileType = sourcecode.swift; path = ContentView.swift; sourceTree = "<group>"; };
		3E273D7324AB2C3500872C6C /* Assets.xcassets */ = {isa = PBXFileReference; lastKnownFileType = folder.assetcatalog; path = Assets.xcassets; sourceTree = "<group>"; };
		3E273D7624AB2C3500872C6C /* Preview Assets.xcassets */ = {isa = PBXFileReference; lastKnownFileType = folder.assetcatalog; path = "Preview Assets.xcassets"; sourceTree = "<group>"; };
		3E273D7924AB2C3500872C6C /* Base */ = {isa = PBXFileReference; lastKnownFileType = file.storyboard; name = Base; path = Base.lproj/LaunchScreen.storyboard; sourceTree = "<group>"; };
		3E273D7B24AB2C3500872C6C /* Info.plist */ = {isa = PBXFileReference; lastKnownFileType = text.plist.xml; path = Info.plist; sourceTree = "<group>"; };
/* End PBXFileReference section */

/* Begin PBXFrameworksBuildPhase section */
		3E273D6724AB2C3400872C6C /* Frameworks */ = {
			isa = PBXFrameworksBuildPhase;
			buildActionMask = 2147483647;
			files = (
			);
			runOnlyForDeploymentPostprocessing = 0;
		};
/* End PBXFrameworksBuildPhase section */

/* Begin PBXGroup section */
		3E273D6124AB2C3400872C6C = {
			isa = PBXGroup;
			children = (
				3E273D6C24AB2C3400872C6C /* CockatooOTP */,
				3E273D6B24AB2C3400872C6C /* Products */,
			);
			sourceTree = "<group>";
		};
		3E273D6B24AB2C3400872C6C /* Products */ = {
			isa = PBXGroup;
			children = (
				3E273D6A24AB2C3400872C6C /* CockatooOTP.app */,
			);
			name = Products;
			sourceTree = "<group>";
		};
		3E273D6C24AB2C3400872C6C /* CockatooOTP */ = {
			isa = PBXGroup;
			children = (
				3E273D6D24AB2C3400872C6C /* AppDelegate.swift */,
				3E273D6F24AB2C3400872C6C /* SceneDelegate.swift */,
				3E273D7124AB2C3400872C6C /* ContentView.swift */,
				3E273D7324AB2C3500872C6C /* Assets.xcassets */,
				3E273D7824AB2C3500872C6C /* LaunchScreen.storyboard */,
				3E273D7B24AB2C3500872C6C /* Info.plist */,
				3E273D7524AB2C3500872C6C /* Preview Content */,
			);
			path = CockatooOTP;
			sourceTree = "<group>";
		};
		3E273D7524AB2C3500872C6C /* Preview Content */ = {
			isa = PBXGroup;
			children = (
				3E273D7624AB2C3500872C6C /* Preview Assets.xcassets */,
			);
			path = "Preview Content";
			sourceTree = "<group>";
		};
/* End PBXGroup section */

/* Begin PBXNativeTarget section */
		3E273D6924AB2C3400872C6C /* CockatooOTP */ = {
			isa = PBXNativeTarget;
			buildConfigurationList = 3E273D7E24AB2C3500872C6C /* Build configuration list for PBXNativeTarget "CockatooOTP" */;
			buildPhases = (
				3E273D6624AB2C3400872C6C /* Sources */,
				3E273D6724AB2C3400872C6C /* Frameworks */,
				3E273D6824AB2C3400872C6C /* Resources */,
			);
			buildRules = (
			);
			dependencies = (
			);
			name = CockatooOTP;
			productName = CockatooOTP;
			productReference = 3E273D6A24AB2C3400872C6C /* CockatooOTP.app */;
			productType = "com.apple.product-type.application";
		};
/* End PBXNativeTarget section */

/* Begin PBXProject section */
		3E273D6224AB2C3400872C6C /* Project object */ = {
			isa = PBXProject;
			attributes = {
				LastSwiftUpdateCheck = 1150;
				LastUpgradeCheck = 1150;
				ORGANIZATIONNAME = "Shumin Kong";
				TargetAttributes = {
					3E273D6924AB2C3400872C6C = {
						CreatedOnToolsVersion = 11.5;
					};
				};
			};
			buildConfigurationList = 3E273D6524AB2C3400872C6C /* Build configuration list for PBXProject "CockatooOTP" */;
			compatibilityVersion = "Xcode 9.3";
			developmentRegion = en;
			hasScannedForEncodings = 0;
			knownRegions = (
				en,
				Base,
			);
			mainGroup = 3E273D6124AB2C3400872C6C;
			productRefGroup = 3E273D6B24AB2C3400872C6C /* Products */;
			projectDirPath = "";
			projectRoot = "";
			targets = (
				3E273D6924AB2C3400872C6C /* CockatooOTP */,
			);
		};
/* End PBXProject section */

/* Begin PBXResourcesBuildPhase section */
		3E273D6824AB2C3400872C6C /* Resources */ = {
			isa = PBXResourcesBuildPhase;
			buildActionMask = 2147483647;
			files = (
				3E273D7A24AB2C3500872C6C /* LaunchScreen.storyboard in Resources */,
				3E273D7724AB2C3500872C6C /* Preview Assets.xcassets in Resources */,
				3E273D7424AB2C3500872C6C /* Assets.xcassets in Resources */,
			);
			runOnlyForDeploymentPostprocessing = 0;
		};
/* End PBXResourcesBuildPhase section */

/* Begin PBXSourcesBuildPhase section */
		3E273D6624AB2C3400872C6C /* Sources */ = {
			isa = PBXSourcesBuildPhase;
			buildActionMask = 2147483647;
			files = (
				3E273D6E24AB2C3400872C6C /* AppDelegate.swift in Sources */,
				3E273D7024AB2C3400872C6C /* SceneDelegate.swift in Sources */,
				3E273D7224AB2C3400872C6C /* ContentView.swift in Sources */,
			);
			runOnlyForDeploymentPostprocessing = 0;
		};
/* End PBXSourcesBuildPhase section */

/* Begin PBXVariantGroup section */
		3E273D7824AB2C3500872C6C /* LaunchScreen.storyboard */ = {
			isa = PBXVariantGroup;
			children = (
				3E273D7924AB2C3500872C6C /* Base */,
			);
			name = LaunchScreen.storyboard;
			sourceTree = "<group>";
		};
/* End PBXVariantGroup section */

/* Begin XCBuildConfiguration section */
		3E273D7C24AB2C3500872C6C /* Debug */ = {
			isa = XCBuildConfiguration;
			buildSettings = {
				ALWAYS_SEARCH_USER_PATHS = NO;
				CLANG_ANALYZER_NONNULL = YES;
				CLANG_ANALYZER_NUMBER_OBJECT_CONVERSION = YES_AGGRESSIVE;
				CLANG_CXX_LANGUAGE_STANDARD = "gnu++14";
				CLANG_CXX_LIBRARY = "libc++";
				CLANG_ENABLE_MODULES = YES;
				CLANG_ENABLE_OBJC_ARC = YES;
				CLANG_ENABLE_OBJC_WEAK = YES;
				CLANG_WARN_BLOCK_CAPTURE_AUTORELEASING = YES;
				CLANG_WARN_BOOL_CONVERSION = YES;
				CLANG_WARN_COMMA = YES;
				CLANG_WARN_CONSTANT_CONVERSION = YES;
				CLANG_WARN_DEPRECATED_OBJC_IMPLEMENTATIONS = YES;
				CLANG_WARN_DIRECT_OBJC_ISA_USAGE = YES_ERROR;
				CLANG_WARN_DOCUMENTATION_COMMENTS = YES;
				CLANG_WARN_EMPTY_BODY = YES;
				CLANG_WARN_ENUM_CONVERSION = YES;
				CLANG_WARN_INFINITE_RECURSION = YES;
				CLANG_WARN_INT_CONVERSION = YES;
				CLANG_WARN_NON_LITERAL_NULL_CONVERSION = YES;
				CLANG_WARN_OBJC_IMPLICIT_RETAIN_SELF = YES;
				CLANG_WARN_OBJC_LITERAL_CONVERSION = YES;
				CLANG_WARN_OBJC_ROOT_CLASS = YES_ERROR;
				CLANG_WARN_RANGE_LOOP_ANALYSIS = YES;
				CLANG_WARN_STRICT_PROTOTYPES = YES;
				CLANG_WARN_SUSPICIOUS_MOVE = YES;
				CLANG_WARN_UNGUARDED_AVAILABILITY = YES_AGGRESSIVE;
				CLANG_WARN_UNREACHABLE_CODE = YES;
				CLANG_WARN__DUPLICATE_METHOD_MATCH = YES;
				COPY_PHASE_STRIP = NO;
				DEBUG_INFORMATION_FORMAT = dwarf;
				ENABLE_STRICT_OBJC_MSGSEND = YES;
				ENABLE_TESTABILITY = YES;
				GCC_C_LANGUAGE_STANDARD = gnu11;
				GCC_DYNAMIC_NO_PIC = NO;
				GCC_NO_COMMON_BLOCKS = YES;
				GCC_OPTIMIZATION_LEVEL = 0;
				GCC_PREPROCESSOR_DEFINITIONS = (
					"DEBUG=1",
					"$(inherited)",
				);
				GCC_WARN_64_TO_32_BIT_CONVERSION = YES;
				GCC_WARN_ABOUT_RETURN_TYPE = YES_ERROR;
				GCC_WARN_UNDECLARED_SELECTOR = YES;
				GCC_WARN_UNINITIALIZED_AUTOS = YES_AGGRESSIVE;
				GCC_WARN_UNUSED_FUNCTION = YES;
				GCC_WARN_UNUSED_VARIABLE = YES;
				IPHONEOS_DEPLOYMENT_TARGET = 13.5;
				MTL_ENABLE_DEBUG_INFO = INCLUDE_SOURCE;
				MTL_FAST_MATH = YES;
				ONLY_ACTIVE_ARCH = YES;
				SDKROOT = iphoneos;
				SWIFT_ACTIVE_COMPILATION_CONDITIONS = DEBUG;
				SWIFT_OPTIMIZATION_LEVEL = "-Onone";
			};
			name = Debug;
		};
		3E273D7D24AB2C3500872C6C /* Release */ = {
			isa = XCBuildConfiguration;
			buildSettings = {
				ALWAYS_SEARCH_USER_PATHS = NO;
				CLANG_ANALYZER_NONNULL = YES;
				CLANG_ANALYZER_NUMBER_OBJECT_CONVERSION = YES_AGGRESSIVE;
				CLANG_CXX_LANGUAGE_STANDARD = "gnu++14";
				CLANG_CXX_LIBRARY = "libc++";
				CLANG_ENABLE_MODULES = YES;
				CLANG_ENABLE_OBJC_ARC = YES;
				CLANG_ENABLE_OBJC_WEAK = YES;
				CLANG_WARN_BLOCK_CAPTURE_AUTORELEASING = YES;
				CLANG_WARN_BOOL_CONVERSION = YES;
				CLANG_WARN_COMMA = YES;
				CLANG_WARN_CONSTANT_CONVERSION = YES;
				CLANG_WARN_DEPRECATED_OBJC_IMPLEMENTATIONS = YES;
				CLANG_WARN_DIRECT_OBJC_ISA_USAGE = YES_ERROR;
				CLANG_WARN_DOCUMENTATION_COMMENTS = YES;
				CLANG_WARN_EMPTY_BODY = YES;
				CLANG_WARN_ENUM_CONVERSION = YES;
				CLANG_WARN_INFINITE_RECURSION = YES;
				CLANG_WARN_INT_CONVERSION = YES;
				CLANG_WARN_NON_LITERAL_NULL_CONVERSION = YES;
				CLANG_WARN_OBJC_IMPLICIT_RETAIN_SELF = YES;
				CLANG_WARN_OBJC_LITERAL_CONVERSION = YES;
				CLANG_WARN_OBJC_ROOT_CLASS = YES_ERROR;
				CLANG_WARN_RANGE_LOOP_ANALYSIS = YES;
				CLANG_WARN_STRICT_PROTOTYPES = YES;
				CLANG_WARN_SUSPICIOUS_MOVE = YES;
				CLANG_WARN_UNGUARDED_AVAILABILITY = YES_AGGRESSIVE;
				CLANG_WARN_UNREACHABLE_CODE = YES;
				CLANG_WARN__DUPLICATE_METHOD_MATCH = YES;
				COPY_PHASE_STRIP = NO;
				DEBUG_INFORMATION_FORMAT = "dwarf-with-dsym";
				ENABLE_NS_ASSERTIONS = NO;
				ENABLE_STRICT_OBJC_MSGSEND = YES;
				GCC_C_LANGUAGE_STANDARD = gnu11;
				GCC_NO_COMMON_BLOCKS = YES;
				GCC_WARN_64_TO_32_BIT_CONVERSION = YES;
				GCC_WARN_ABOUT_RETURN_TYPE = YES_ERROR;
				GCC_WARN_UNDECLARED_SELECTOR = YES;
				GCC_WARN_UNINITIALIZED_AUTOS = YES_AGGRESSIVE;
				GCC_WARN_UNUSED_FUNCTION = YES;
				GCC_WARN_UNUSED_VARIABLE = YES;
				IPHONEOS_DEPLOYMENT_TARGET = 13.5;
				MTL_ENABLE_DEBUG_INFO = NO;
				MTL_FAST_MATH = YES;
				SDKROOT = iphoneos;
				SWIFT_COMPILATION_MODE = wholemodule;
				SWIFT_OPTIMIZATION_LEVEL = "-O";
				VALIDATE_PRODUCT = YES;
			};
			name = Release;
		};
		3E273D7F24AB2C3500872C6C /* Debug */ = {
			isa = XCBuildConfiguration;
			buildSettings = {
				ASSETCATALOG_COMPILER_APPICON_NAME = AppIcon;
				CODE_SIGN_STYLE = Automatic;
				DEVELOPMENT_ASSET_PATHS = "\"CockatooOTP/Preview Content\"";
				DEVELOPMENT_TEAM = J95MPMXN6Y;
				ENABLE_PREVIEWS = YES;
				INFOPLIST_FILE = CockatooOTP/Info.plist;
				LD_RUNPATH_SEARCH_PATHS = (
					"$(inherited)",
					"@executable_path/Frameworks",
				);
				PRODUCT_BUNDLE_IDENTIFIER = com.shumink.CockatooOTP;
				PRODUCT_NAME = "$(TARGET_NAME)";
				SWIFT_VERSION = 5.0;
				TARGETED_DEVICE_FAMILY = "1,2";
			};
			name = Debug;
		};
		3E273D8024AB2C3500872C6C /* Release */ = {
			isa = XCBuildConfiguration;
			buildSettings = {
				ASSETCATALOG_COMPILER_APPICON_NAME = AppIcon;
				CODE_SIGN_STYLE = Automatic;
				DEVELOPMENT_ASSET_PATHS = "\"CockatooOTP/Preview Content\"";
				DEVELOPMENT_TEAM = J95MPMXN6Y;
				ENABLE_PREVIEWS = YES;
				INFOPLIST_FILE = CockatooOTP/Info.plist;
				LD_RUNPATH_SEARCH_PATHS = (
					"$(inherited)",
					"@executable_path/Frameworks",
				);
				PRODUCT_BUNDLE_IDENTIFIER = com.shumink.CockatooOTP;
				PRODUCT_NAME = "$(TARGET_NAME)";
				SWIFT_VERSION = 5.0;
				TARGETED_DEVICE_FAMILY = "1,2";
			};
			name = Release;
		};
/* End XCBuildConfiguration section */

/* Begin XCConfigurationList section */
		3E273D6524AB2C3400872C6C /* Build configuration list for PBXProject "CockatooOTP" */ = {
			isa = XCConfigurationList;
			buildConfigurations = (
				3E273D7C24AB2C3500872C6C /* Debug */,
				3E273D7D24AB2C3500872C6C /* Release */,
			);
			defaultConfigurationIsVisible = 0;
			defaultConfigurationName = Release;
		};
		3E273D7E24AB2C3500872C6C /* Build configuration list for PBXNativeTarget "CockatooOTP" */ = {
			isa = XCConfigurationList;
			buildConfigurations = (
				3E273D7F24AB2C3500872C6C /* Debug */,
				3E273D8024AB2C3500872C6C /* Release */,
			);
			defaultConfigurationIsVisible = 0;
			defaultConfigurationName = Release;
		};
/* End XCConfigurationList section */
	};
	rootObject = 3E273D6224AB2C3400872C6C /* Project object */;
}
