PODS:
  - CryptoSwift (1.3.1)
  - SwiftOTP (2.0.1):
    - CryptoSwift (>= 1.0.0)

DEPENDENCIES:
  - SwiftOTP

SPEC REPOS:
  trunk:
    - CryptoSwift
    - SwiftOTP

SPEC CHECKSUMS:
  CryptoSwift: f12f037f6d0fcd6d48c96db0071b653de64e6c4d
  SwiftOTP: c246ca39c809c06471ef997c43699a04d562fdac

PODFILE CHECKSUM: 0b1110743cd36c81a2116ac2fd24a322ea2a0625

COCOAPODS: 1.9.3
